// !$*UTF8*$!
{
	archiveVersion = 1;
	classes = {
	};
	objectVersion = 77;
	objects = {

/* Begin PBXBuildFile section */
		550CD9098220F8C26D01D9F2 /* DemoMarket.swift in Sources */ = {isa = PBXBuildFile; fileRef = 2AA3FB67FFD448A011D77A88 /* DemoMarket.swift */; };
		68A08A355EFFCBDD35146C9D /* ContentView.swift in Sources */ = {isa = PBXBuildFile; fileRef = 8DFE268FCCEBC5F770ED32D8 /* ContentView.swift */; };
		94D6664348AAB53AECFF2A55 /* Liveline in Frameworks */ = {isa = PBXBuildFile; productRef = C8383F349455BB91EED4F17D /* Liveline */; };
		A3E6F6D70F960CD515A8D53F /* Assets.xcassets in Resources */ = {isa = PBXBuildFile; fileRef = CA1E9C63A4EA1D37D3964204 /* Assets.xcassets */; };
		EB0A4860FCC5B0E1D910DA93 /* LivelineDemoApp.swift in Sources */ = {isa = PBXBuildFile; fileRef = 96A0ED5BF8E02B2290577882 /* LivelineDemoApp.swift */; };
/* End PBXBuildFile section */

/* Begin PBXFileReference section */
		13316F5B9327791EC071BA54 /* Info.plist */ = {isa = PBXFileReference; lastKnownFileType = text.plist; path = Info.plist; sourceTree = "<group>"; };
		2AA3FB67FFD448A011D77A88 /* DemoMarket.swift */ = {isa = PBXFileReference; lastKnownFileType = sourcecode.swift; path = DemoMarket.swift; sourceTree = "<group>"; };
		84B6019E4E542078710AA9DA /* LivelineDemo.app */ = {isa = PBXFileReference; includeInIndex = 0; lastKnownFileType = wrapper.application; path = LivelineDemo.app; sourceTree = BUILT_PRODUCTS_DIR; };
		8DFE268FCCEBC5F770ED32D8 /* ContentView.swift */ = {isa = PBXFileReference; lastKnownFileType = sourcecode.swift; path = ContentView.swift; sourceTree = "<group>"; };
		96A0ED5BF8E02B2290577882 /* LivelineDemoApp.swift */ = {isa = PBXFileReference; lastKnownFileType = sourcecode.swift; path = LivelineDemoApp.swift; sourceTree = "<group>"; };
		A843AD2626FDD50F119E1682 /* liveline-swift */ = {isa = PBXFileReference; lastKnownFileType = folder; name = "liveline-swift"; path = ../..; sourceTree = SOURCE_ROOT; };
		CA1E9C63A4EA1D37D3964204 /* Assets.xcassets */ = {isa = PBXFileReference; lastKnownFileType = folder.assetcatalog; path = Assets.xcassets; sourceTree = "<group>"; };
/* End PBXFileReference section */

/* Begin PBXFrameworksBuildPhase section */
		BDC78C2CBBBC0E7C3C1155F3 /* Frameworks */ = {
			isa = PBXFrameworksBuildPhase;
			buildActionMask = 2147483647;
			files = (
				94D6664348AAB53AECFF2A55 /* Liveline in Frameworks */,
			);
			runOnlyForDeploymentPostprocessing = 0;
		};
/* End PBXFrameworksBuildPhase section */

/* Begin PBXGroup section */
		4FB53437E4F6A6757B96D27A /* Sources */ = {
			isa = PBXGroup;
			children = (
				CA1E9C63A4EA1D37D3964204 /* Assets.xcassets */,
				8DFE268FCCEBC5F770ED32D8 /* ContentView.swift */,
				2AA3FB67FFD448A011D77A88 /* DemoMarket.swift */,
				13316F5B9327791EC071BA54 /* Info.plist */,
				96A0ED5BF8E02B2290577882 /* LivelineDemoApp.swift */,
			);
			path = Sources;
			sourceTree = "<group>";
		};
		58FD617EEE1E3D433344C0F3 /* Products */ = {
			isa = PBXGroup;
			children = (
				84B6019E4E542078710AA9DA /* LivelineDemo.app */,
			);
			name = Products;
			sourceTree = "<group>";
		};
		77FB2B7302C5D30263EEE463 = {
			isa = PBXGroup;
			children = (
				E43F3F9C1C286A9C948CDE1F /* Packages */,
				4FB53437E4F6A6757B96D27A /* Sources */,
				58FD617EEE1E3D433344C0F3 /* Products */,
			);
			sourceTree = "<group>";
		};
		E43F3F9C1C286A9C948CDE1F /* Packages */ = {
			isa = PBXGroup;
			children = (
				A843AD2626FDD50F119E1682 /* liveline-swift */,
			);
			name = Packages;
			sourceTree = "<group>";
		};
/* End PBXGroup section */

/* Begin PBXNativeTarget section */
		3A102E2F22DC1565F9947A21 /* LivelineDemo */ = {
			isa = PBXNativeTarget;
			buildConfigurationList = 46A1495BEE3FE9C109123AA6 /* Build configuration list for PBXNativeTarget "LivelineDemo" */;
			buildPhases = (
				F3FE2FA863DCD990532F408D /* Sources */,
				D4F031034537076684C25444 /* Resources */,
				BDC78C2CBBBC0E7C3C1155F3 /* Frameworks */,
			);
			buildRules = (
			);
			dependencies = (
			);
			name = LivelineDemo;
			packageProductDependencies = (
				C8383F349455BB91EED4F17D /* Liveline */,
			);
			productName = LivelineDemo;
			productReference = 84B6019E4E542078710AA9DA /* LivelineDemo.app */;
			productType = "com.apple.product-type.application";
		};
/* End PBXNativeTarget section */

/* Begin PBXProject section */
		66EC7D9CDE8216DF6CF20DEF /* Project object */ = {
			isa = PBXProject;
			attributes = {
				BuildIndependentTargetsInParallel = YES;
				LastUpgradeCheck = 1430;
				TargetAttributes = {
				};
			};
			buildConfigurationList = DE3BB9E5656C72019E811EAF /* Build configuration list for PBXProject "LivelineDemo" */;
			developmentRegion = en;
			hasScannedForEncodings = 0;
			knownRegions = (
				Base,
				en,
			);
			mainGroup = 77FB2B7302C5D30263EEE463;
			minimizedProjectReferenceProxies = 1;
			packageReferences = (
				89E8FCA059FF552DED0AC7B9 /* XCLocalSwiftPackageReference "../.." */,
			);
			preferredProjectObjectVersion = 77;
			productRefGroup = 58FD617EEE1E3D433344C0F3 /* Products */;
			projectDirPath = "";
			projectRoot = "";
			targets = (
				3A102E2F22DC1565F9947A21 /* LivelineDemo */,
			);
		};
/* End PBXProject section */

/* Begin PBXResourcesBuildPhase section */
		D4F031034537076684C25444 /* Resources */ = {
			isa = PBXResourcesBuildPhase;
			buildActionMask = 2147483647;
			files = (
				A3E6F6D70F960CD515A8D53F /* Assets.xcassets in Resources */,
			);
			runOnlyForDeploymentPostprocessing = 0;
		};
/* End PBXResourcesBuildPhase section */

/* Begin PBXSourcesBuildPhase section */
		F3FE2FA863DCD990532F408D /* Sources */ = {
			isa = PBXSourcesBuildPhase;
			buildActionMask = 2147483647;
			files = (
				68A08A355EFFCBDD35146C9D /* ContentView.swift in Sources */,
				550CD9098220F8C26D01D9F2 /* DemoMarket.swift in Sources */,
				EB0A4860FCC5B0E1D910DA93 /* LivelineDemoApp.swift in Sources */,
			);
			runOnlyForDeploymentPostprocessing = 0;
		};
/* End PBXSourcesBuildPhase section */

/* Begin XCBuildConfiguration section */
		07EBD2E4D0D116ED59FC7F12 /* Release */ = {
			isa = XCBuildConfiguration;
			buildSettings = {
				ALWAYS_SEARCH_USER_PATHS = NO;
				CLANG_ANALYZER_NONNULL = YES;
				CLANG_ANALYZER_NUMBER_OBJECT_CONVERSION = YES_AGGRESSIVE;
				CLANG_CXX_LANGUAGE_STANDARD = "gnu++14";
				CLANG_CXX_LIBRARY = "libc++";
				CLANG_ENABLE_MODULES = YES;
				CLANG_ENABLE_OBJC_ARC = YES;
				CLANG_ENABLE_OBJC_WEAK = YES;
				CLANG_WARN_BLOCK_CAPTURE_AUTORELEASING = YES;
				CLANG_WARN_BOOL_CONVERSION = YES;
				CLANG_WARN_COMMA = YES;
				CLANG_WARN_CONSTANT_CONVERSION = YES;
				CLANG_WARN_DEPRECATED_OBJC_IMPLEMENTATIONS = YES;
				CLANG_WARN_DIRECT_OBJC_ISA_USAGE = YES_ERROR;
				CLANG_WARN_DOCUMENTATION_COMMENTS = YES;
				CLANG_WARN_EMPTY_BODY = YES;
				CLANG_WARN_ENUM_CONVERSION = YES;
				CLANG_WARN_INFINITE_RECURSION = YES;
				CLANG_WARN_INT_CONVERSION = YES;
				CLANG_WARN_NON_LITERAL_NULL_CONVERSION = YES;
				CLANG_WARN_OBJC_IMPLICIT_RETAIN_SELF = YES;
				CLANG_WARN_OBJC_LITERAL_CONVERSION = YES;
				CLANG_WARN_OBJC_ROOT_CLASS = YES_ERROR;
				CLANG_WARN_QUOTED_INCLUDE_IN_FRAMEWORK_HEADER = YES;
				CLANG_WARN_RANGE_LOOP_ANALYSIS = YES;
				CLANG_WARN_STRICT_PROTOTYPES = YES;
				CLANG_WARN_SUSPICIOUS_MOVE = YES;
				CLANG_WARN_UNGUARDED_AVAILABILITY = YES_AGGRESSIVE;
				CLANG_WARN_UNREACHABLE_CODE = YES;
				CLANG_WARN__DUPLICATE_METHOD_MATCH = YES;
				COPY_PHASE_STRIP = NO;
				DEBUG_INFORMATION_FORMAT = "dwarf-with-dsym";
				ENABLE_NS_ASSERTIONS = NO;
				ENABLE_STRICT_OBJC_MSGSEND = YES;
				GCC_C_LANGUAGE_STANDARD = gnu11;
				GCC_NO_COMMON_BLOCKS = YES;
				GCC_WARN_64_TO_32_BIT_CONVERSION = YES;
				GCC_WARN_ABOUT_RETURN_TYPE = YES_ERROR;
				GCC_WARN_UNDECLARED_SELECTOR = YES;
				GCC_WARN_UNINITIALIZED_AUTOS = YES_AGGRESSIVE;
				GCC_WARN_UNUSED_FUNCTION = YES;
				GCC_WARN_UNUSED_VARIABLE = YES;
				IPHONEOS_DEPLOYMENT_TARGET = 16.0;
				MTL_ENABLE_DEBUG_INFO = NO;
				MTL_FAST_MATH = YES;
				PRODUCT_NAME = "$(TARGET_NAME)";
				SDKROOT = iphoneos;
				SWIFT_COMPILATION_MODE = wholemodule;
				SWIFT_OPTIMIZATION_LEVEL = "-O";
				SWIFT_VERSION = 5.0;
			};
			name = Release;
		};
		1BF1D0266C818414C6858DF9 /* Release */ = {
			isa = XCBuildConfiguration;
			buildSettings = {
				ASSETCATALOG_COMPILER_APPICON_NAME = "";
				ASSETCATALOG_COMPILER_GLOBAL_ACCENT_COLOR_NAME = AccentColor;
				CODE_SIGN_IDENTITY = "iPhone Developer";
				INFOPLIST_FILE = Sources/Info.plist;
				LD_RUNPATH_SEARCH_PATHS = (
					"$(inherited)",
					"@executable_path/Frameworks",
				);
				PRODUCT_BUNDLE_IDENTIFIER = com.liveline.demo;
				SDKROOT = iphoneos;
				SUPPORTS_MACCATALYST = NO;
				SWIFT_VERSION = 5.0;
				TARGETED_DEVICE_FAMILY = "1,2";
			};
			name = Release;
		};
		B61C8DDF4DBC67A1B98033C9 /* Debug */ = {
			isa = XCBuildConfiguration;
			buildSettings = {
				ALWAYS_SEARCH_USER_PATHS = NO;
				CLANG_ANALYZER_NONNULL = YES;
				CLANG_ANALYZER_NUMBER_OBJECT_CONVERSION = YES_AGGRESSIVE;
				CLANG_CXX_LANGUAGE_STANDARD = "gnu++14";
				CLANG_CXX_LIBRARY = "libc++";
				CLANG_ENABLE_MODULES = YES;
				CLANG_ENABLE_OBJC_ARC = YES;
				CLANG_ENABLE_OBJC_WEAK = YES;
				CLANG_WARN_BLOCK_CAPTURE_AUTORELEASING = YES;
				CLANG_WARN_BOOL_CONVERSION = YES;
				CLANG_WARN_COMMA = YES;
				CLANG_WARN_CONSTANT_CONVERSION = YES;
				CLANG_WARN_DEPRECATED_OBJC_IMPLEMENTATIONS = YES;
				CLANG_WARN_DIRECT_OBJC_ISA_USAGE = YES_ERROR;
				CLANG_WARN_DOCUMENTATION_COMMENTS = YES;
				CLANG_WARN_EMPTY_BODY = YES;
				CLANG_WARN_ENUM_CONVERSION = YES;
				CLANG_WARN_INFINITE_RECURSION = YES;
				CLANG_WARN_INT_CONVERSION = YES;
				CLANG_WARN_NON_LITERAL_NULL_CONVERSION = YES;
				CLANG_WARN_OBJC_IMPLICIT_RETAIN_SELF = YES;
				CLANG_WARN_OBJC_LITERAL_CONVERSION = YES;
				CLANG_WARN_OBJC_ROOT_CLASS = YES_ERROR;
				CLANG_WARN_QUOTED_INCLUDE_IN_FRAMEWORK_HEADER = YES;
				CLANG_WARN_RANGE_LOOP_ANALYSIS = YES;
				CLANG_WARN_STRICT_PROTOTYPES = YES;
				CLANG_WARN_SUSPICIOUS_MOVE = YES;
				CLANG_WARN_UNGUARDED_AVAILABILITY = YES_AGGRESSIVE;
				CLANG_WARN_UNREACHABLE_CODE = YES;
				CLANG_WARN__DUPLICATE_METHOD_MATCH = YES;
				COPY_PHASE_STRIP = NO;
				DEBUG_INFORMATION_FORMAT = dwarf;
				ENABLE_STRICT_OBJC_MSGSEND = YES;
				ENABLE_TESTABILITY = YES;
				GCC_C_LANGUAGE_STANDARD = gnu11;
				GCC_DYNAMIC_NO_PIC = NO;
				GCC_NO_COMMON_BLOCKS = YES;
				GCC_OPTIMIZATION_LEVEL = 0;
				GCC_PREPROCESSOR_DEFINITIONS = (
					"$(inherited)",
					"DEBUG=1",
				);
				GCC_WARN_64_TO_32_BIT_CONVERSION = YES;
				GCC_WARN_ABOUT_RETURN_TYPE = YES_ERROR;
				GCC_WARN_UNDECLARED_SELECTOR = YES;
				GCC_WARN_UNINITIALIZED_AUTOS = YES_AGGRESSIVE;
				GCC_WARN_UNUSED_FUNCTION = YES;
				GCC_WARN_UNUSED_VARIABLE = YES;
				IPHONEOS_DEPLOYMENT_TARGET = 16.0;
				MTL_ENABLE_DEBUG_INFO = INCLUDE_SOURCE;
				MTL_FAST_MATH = YES;
				ONLY_ACTIVE_ARCH = YES;
				PRODUCT_NAME = "$(TARGET_NAME)";
				SDKROOT = iphoneos;
				SWIFT_ACTIVE_COMPILATION_CONDITIONS = DEBUG;
				SWIFT_OPTIMIZATION_LEVEL = "-Onone";
				SWIFT_VERSION = 5.0;
			};
			name = Debug;
		};
		FE8A363F3EB4CF7C36E1142A /* Debug */ = {
			isa = XCBuildConfiguration;
			buildSettings = {
				ASSETCATALOG_COMPILER_APPICON_NAME = "";
				ASSETCATALOG_COMPILER_GLOBAL_ACCENT_COLOR_NAME = AccentColor;
				CODE_SIGN_IDENTITY = "iPhone Developer";
				INFOPLIST_FILE = Sources/Info.plist;
				LD_RUNPATH_SEARCH_PATHS = (
					"$(inherited)",
					"@executable_path/Frameworks",
				);
				PRODUCT_BUNDLE_IDENTIFIER = com.liveline.demo;
				SDKROOT = iphoneos;
				SUPPORTS_MACCATALYST = NO;
				SWIFT_VERSION = 5.0;
				TARGETED_DEVICE_FAMILY = "1,2";
			};
			name = Debug;
		};
/* End XCBuildConfiguration section */

/* Begin XCConfigurationList section */
		46A1495BEE3FE9C109123AA6 /* Build configuration list for PBXNativeTarget "LivelineDemo" */ = {
			isa = XCConfigurationList;
			buildConfigurations = (
				FE8A363F3EB4CF7C36E1142A /* Debug */,
				1BF1D0266C818414C6858DF9 /* Release */,
			);
			defaultConfigurationIsVisible = 0;
			defaultConfigurationName = Debug;
		};
		DE3BB9E5656C72019E811EAF /* Build configuration list for PBXProject "LivelineDemo" */ = {
			isa = XCConfigurationList;
			buildConfigurations = (
				B61C8DDF4DBC67A1B98033C9 /* Debug */,
				07EBD2E4D0D116ED59FC7F12 /* Release */,
			);
			defaultConfigurationIsVisible = 0;
			defaultConfigurationName = Debug;
		};
/* End XCConfigurationList section */

/* Begin XCLocalSwiftPackageReference section */
		89E8FCA059FF552DED0AC7B9 /* XCLocalSwiftPackageReference "../.." */ = {
			isa = XCLocalSwiftPackageReference;
			relativePath = ../..;
		};
/* End XCLocalSwiftPackageReference section */

/* Begin XCSwiftPackageProductDependency section */
		C8383F349455BB91EED4F17D /* Liveline */ = {
			isa = XCSwiftPackageProductDependency;
			productName = Liveline;
		};
/* End XCSwiftPackageProductDependency section */
	};
	rootObject = 66EC7D9CDE8216DF6CF20DEF /* Project object */;
}
